
Microsoft Visual Studio Solution File, Format Version 12.00
# Visual Studio Version 16
VisualStudioVersion = 16.0.30621.155
MinimumVisualStudioVersion = 10.0.40219.1
Project("{FAE04EC0-301F-11D3-BF4B-00C04F79EFBC}") = "LearnDynamics365ConsoleApp", "LearnDynamics365ConsoleApp\LearnDynamics365ConsoleApp.csproj", "{67DFDE03-94FD-4D90-80F3-40EDF6B4C1FC}"
EndProject
Global
	GlobalSection(SolutionConfigurationPlatforms) = preSolution
		Debug|Any CPU = Debug|Any CPU
		Release|Any CPU = Release|Any CPU
	EndGlobalSection
	GlobalSection(ProjectConfigurationPlatforms) = postSolution
		{67DFDE03-94FD-4D90-80F3-40EDF6B4C1FC}.Debug|Any CPU.ActiveCfg = Debug|Any CPU
		{67DFDE03-94FD-4D90-80F3-40EDF6B4C1FC}.Debug|Any CPU.Build.0 = Debug|Any CPU
		{67DFDE03-94FD-4D90-80F3-40EDF6B4C1FC}.Release|Any CPU.ActiveCfg = Release|Any CPU
		{67DFDE03-94FD-4D90-80F3-40EDF6B4C1FC}.Release|Any CPU.Build.0 = Release|Any CPU
	EndGlobalSection
	GlobalSection(SolutionProperties) = preSolution
		HideSolutionNode = FALSE
	EndGlobalSection
	GlobalSection(ExtensibilityGlobals) = postSolution
		SolutionGuid = {D35E8751-D8AF-4B69-94C1-A7B1CFD572D2}
	EndGlobalSection
EndGlobal
